
Microsoft Visual Studio Solution File, Format Version 12.00
# Visual Studio 15
VisualStudioVersion = 15.0.28307.1169
MinimumVisualStudioVersion = 10.0.40219.1
Project("{9A19103F-16F7-4668-BE54-9A1E7A4F7556}") = "ItlaElector", "ItlaElector\ItlaElector.csproj", "{A53DE42B-4C3D-44FD-B783-1B4288E2F2AA}"
EndProject
Project("{9A19103F-16F7-4668-BE54-9A1E7A4F7556}") = "AutoMap", "AutoMap\AutoMap.csproj", "{99F2D778-6B00-4738-A36C-3EA4BA62217E}"
EndProject
Project("{9A19103F-16F7-4668-BE54-9A1E7A4F7556}") = "EmailConfig", "EmailConfig\EmailConfig.csproj", "{C84AA21C-7C02-47C1-ACFD-513E2D71E98E}"
EndProject
Project("{9A19103F-16F7-4668-BE54-9A1E7A4F7556}") = "Repository", "Repository\Repository.csproj", "{1DEFCBBD-44EF-4F5E-99E9-7F4832A39093}"
EndProject
Project("{FAE04EC0-301F-11D3-BF4B-00C04F79EFBC}") = "DataBase", "DataBase\DataBase.csproj", "{CD0CBE3C-3CE8-4B5A-A2F6-4BD20171220F}"
EndProject
Global
	GlobalSection(SolutionConfigurationPlatforms) = preSolution
		Debug|Any CPU = Debug|Any CPU
		Release|Any CPU = Release|Any CPU
	EndGlobalSection
	GlobalSection(ProjectConfigurationPlatforms) = postSolution
		{A53DE42B-4C3D-44FD-B783-1B4288E2F2AA}.Debug|Any CPU.ActiveCfg = Debug|Any CPU
		{A53DE42B-4C3D-44FD-B783-1B4288E2F2AA}.Debug|Any CPU.Build.0 = Debug|Any CPU
		{A53DE42B-4C3D-44FD-B783-1B4288E2F2AA}.Release|Any CPU.ActiveCfg = Release|Any CPU
		{A53DE42B-4C3D-44FD-B783-1B4288E2F2AA}.Release|Any CPU.Build.0 = Release|Any CPU
		{99F2D778-6B00-4738-A36C-3EA4BA62217E}.Debug|Any CPU.ActiveCfg = Debug|Any CPU
		{99F2D778-6B00-4738-A36C-3EA4BA62217E}.Debug|Any CPU.Build.0 = Debug|Any CPU
		{99F2D778-6B00-4738-A36C-3EA4BA62217E}.Release|Any CPU.ActiveCfg = Release|Any CPU
		{99F2D778-6B00-4738-A36C-3EA4BA62217E}.Release|Any CPU.Build.0 = Release|Any CPU
		{C84AA21C-7C02-47C1-ACFD-513E2D71E98E}.Debug|Any CPU.ActiveCfg = Debug|Any CPU
		{C84AA21C-7C02-47C1-ACFD-513E2D71E98E}.Debug|Any CPU.Build.0 = Debug|Any CPU
		{C84AA21C-7C02-47C1-ACFD-513E2D71E98E}.Release|Any CPU.ActiveCfg = Release|Any CPU
		{C84AA21C-7C02-47C1-ACFD-513E2D71E98E}.Release|Any CPU.Build.0 = Release|Any CPU
		{1DEFCBBD-44EF-4F5E-99E9-7F4832A39093}.Debug|Any CPU.ActiveCfg = Debug|Any CPU
		{1DEFCBBD-44EF-4F5E-99E9-7F4832A39093}.Debug|Any CPU.Build.0 = Debug|Any CPU
		{1DEFCBBD-44EF-4F5E-99E9-7F4832A39093}.Release|Any CPU.ActiveCfg = Release|Any CPU
		{1DEFCBBD-44EF-4F5E-99E9-7F4832A39093}.Release|Any CPU.Build.0 = Release|Any CPU
		{CD0CBE3C-3CE8-4B5A-A2F6-4BD20171220F}.Debug|Any CPU.ActiveCfg = Debug|Any CPU
		{CD0CBE3C-3CE8-4B5A-A2F6-4BD20171220F}.Debug|Any CPU.Build.0 = Debug|Any CPU
		{CD0CBE3C-3CE8-4B5A-A2F6-4BD20171220F}.Release|Any CPU.ActiveCfg = Release|Any CPU
		{CD0CBE3C-3CE8-4B5A-A2F6-4BD20171220F}.Release|Any CPU.Build.0 = Release|Any CPU
	EndGlobalSection
	GlobalSection(SolutionProperties) = preSolution
		HideSolutionNode = FALSE
	EndGlobalSection
	GlobalSection(ExtensibilityGlobals) = postSolution
		SolutionGuid = {03BEC267-0489-40D2-A6C8-86678CAC9FCF}
	EndGlobalSection
EndGlobal
